
Microsoft Visual Studio Solution File, Format Version 12.00
# Visual Studio Version 17
VisualStudioVersion = 17.3.32819.101
MinimumVisualStudioVersion = 10.0.40219.1
Project("{FAE04EC0-301F-11D3-BF4B-00C04F79EFBC}") = "ConditionalStatements", "ConditionalStatements.csproj", "{EEF47625-1F97-4AEC-8663-8185BDFB91DB}"
EndProject
Global
	GlobalSection(SolutionConfigurationPlatforms) = preSolution
		Debug|Any CPU = Debug|Any CPU
		Release|Any CPU = Release|Any CPU
	EndGlobalSection
	GlobalSection(ProjectConfigurationPlatforms) = postSolution
		{EEF47625-1F97-4AEC-8663-8185BDFB91DB}.Debug|Any CPU.ActiveCfg = Debug|Any CPU
		{EEF47625-1F97-4AEC-8663-8185BDFB91DB}.Debug|Any CPU.Build.0 = Debug|Any CPU
		{EEF47625-1F97-4AEC-8663-8185BDFB91DB}.Release|Any CPU.ActiveCfg = Release|Any CPU
		{EEF47625-1F97-4AEC-8663-8185BDFB91DB}.Release|Any CPU.Build.0 = Release|Any CPU
	EndGlobalSection
	GlobalSection(SolutionProperties) = preSolution
		HideSolutionNode = FALSE
	EndGlobalSection
	GlobalSection(ExtensibilityGlobals) = postSolution
		SolutionGuid = {F3D0D332-E6D2-441F-87CB-267F37A17865}
	EndGlobalSection
EndGlobal
